
Microsoft Visual Studio Solution File, Format Version 12.00
# Visual Studio 14
VisualStudioVersion = 14.0.24720.0
MinimumVisualStudioVersion = 10.0.40219.1
Project("{2150E333-8FDC-42A3-9474-1A3956D46DE8}") = "src", "src", "{909861CB-C578-4C33-9CE3-C76BF5716197}"
EndProject
Project("{2150E333-8FDC-42A3-9474-1A3956D46DE8}") = "Solution Items", "Solution Items", "{9F6D7B74-8A63-40DF-A460-53061B376B59}"
	ProjectSection(SolutionItems) = preProject
		global.json = global.json
		Local.testsettings = Local.testsettings
	EndProjectSection
EndProject
Project("{8BB2217D-0F2D-49D1-97BC-3654ED321F3B}") = "Thalia", "src\Thalia\Thalia.xproj", "{2A216B13-46FE-4155-B806-76EE5275EBE4}"
EndProject
Project("{2150E333-8FDC-42A3-9474-1A3956D46DE8}") = "Tests", "Tests", "{C59D817B-1DE1-4A24-8B73-2E35D07E1D20}"
EndProject
Project("{FAE04EC0-301F-11D3-BF4B-00C04F79EFBC}") = "Thalia.Web.Tests", "Thalia.Web.Tests\Thalia.Web.Tests.csproj", "{B83C26D1-2878-4230-A513-11F2F8239ED1}"
EndProject
Project("{FAE04EC0-301F-11D3-BF4B-00C04F79EFBC}") = "Thalia.UI.Tests", "Thalia.UI.Tests\Thalia.UI.Tests.csproj", "{0EB6F121-C841-4A0C-90BD-13A82B5DA42A}"
EndProject
Project("{FAE04EC0-301F-11D3-BF4B-00C04F79EFBC}") = "Thalia.Tests", "Thalia.Tests\Thalia.Tests.csproj", "{1B9D0123-F680-4D0F-9841-7DF2182304A0}"
EndProject
Global
	GlobalSection(SolutionConfigurationPlatforms) = preSolution
		Debug|Any CPU = Debug|Any CPU
		Release|Any CPU = Release|Any CPU
	EndGlobalSection
	GlobalSection(ProjectConfigurationPlatforms) = postSolution
		{2A216B13-46FE-4155-B806-76EE5275EBE4}.Debug|Any CPU.ActiveCfg = Debug|Any CPU
		{2A216B13-46FE-4155-B806-76EE5275EBE4}.Debug|Any CPU.Build.0 = Debug|Any CPU
		{2A216B13-46FE-4155-B806-76EE5275EBE4}.Release|Any CPU.ActiveCfg = Release|Any CPU
		{2A216B13-46FE-4155-B806-76EE5275EBE4}.Release|Any CPU.Build.0 = Release|Any CPU
		{B83C26D1-2878-4230-A513-11F2F8239ED1}.Debug|Any CPU.ActiveCfg = Debug|Any CPU
		{B83C26D1-2878-4230-A513-11F2F8239ED1}.Debug|Any CPU.Build.0 = Debug|Any CPU
		{B83C26D1-2878-4230-A513-11F2F8239ED1}.Release|Any CPU.ActiveCfg = Release|Any CPU
		{B83C26D1-2878-4230-A513-11F2F8239ED1}.Release|Any CPU.Build.0 = Release|Any CPU
		{0EB6F121-C841-4A0C-90BD-13A82B5DA42A}.Debug|Any CPU.ActiveCfg = Debug|Any CPU
		{0EB6F121-C841-4A0C-90BD-13A82B5DA42A}.Debug|Any CPU.Build.0 = Debug|Any CPU
		{0EB6F121-C841-4A0C-90BD-13A82B5DA42A}.Release|Any CPU.ActiveCfg = Release|Any CPU
		{0EB6F121-C841-4A0C-90BD-13A82B5DA42A}.Release|Any CPU.Build.0 = Release|Any CPU
		{1B9D0123-F680-4D0F-9841-7DF2182304A0}.Debug|Any CPU.ActiveCfg = Debug|Any CPU
		{1B9D0123-F680-4D0F-9841-7DF2182304A0}.Debug|Any CPU.Build.0 = Debug|Any CPU
		{1B9D0123-F680-4D0F-9841-7DF2182304A0}.Release|Any CPU.ActiveCfg = Release|Any CPU
		{1B9D0123-F680-4D0F-9841-7DF2182304A0}.Release|Any CPU.Build.0 = Release|Any CPU
	EndGlobalSection
	GlobalSection(SolutionProperties) = preSolution
		HideSolutionNode = FALSE
	EndGlobalSection
	GlobalSection(NestedProjects) = preSolution
		{2A216B13-46FE-4155-B806-76EE5275EBE4} = {909861CB-C578-4C33-9CE3-C76BF5716197}
		{B83C26D1-2878-4230-A513-11F2F8239ED1} = {C59D817B-1DE1-4A24-8B73-2E35D07E1D20}
		{0EB6F121-C841-4A0C-90BD-13A82B5DA42A} = {C59D817B-1DE1-4A24-8B73-2E35D07E1D20}
		{1B9D0123-F680-4D0F-9841-7DF2182304A0} = {C59D817B-1DE1-4A24-8B73-2E35D07E1D20}
	EndGlobalSection
EndGlobal
