
Microsoft Visual Studio Solution File, Format Version 12.00
# Visual Studio 14
VisualStudioVersion = 14.0.24720.0
MinimumVisualStudioVersion = 10.0.40219.1
Project("{2150E333-8FDC-42A3-9474-1A3956D46DE8}") = "src", "src", "{909861CB-C578-4C33-9CE3-C76BF5716197}"
EndProject
Project("{2150E333-8FDC-42A3-9474-1A3956D46DE8}") = "Solution Items", "Solution Items", "{9F6D7B74-8A63-40DF-A460-53061B376B59}"
	ProjectSection(SolutionItems) = preProject
		.gitignore = .gitignore
		global.json = global.json
		Local.testsettings = Local.testsettings
		WebEssentials2015-Settings.json = WebEssentials2015-Settings.json
	EndProjectSection
EndProject
Project("{8BB2217D-0F2D-49D1-97BC-3654ED321F3B}") = "Thalia", "src\Thalia\Thalia.xproj", "{2A216B13-46FE-4155-B806-76EE5275EBE4}"
EndProject
Project("{2150E333-8FDC-42A3-9474-1A3956D46DE8}") = "Tests", "Tests", "{C59D817B-1DE1-4A24-8B73-2E35D07E1D20}"
EndProject
Project("{8BB2217D-0F2D-49D1-97BC-3654ED321F3B}") = "Thalia.xUnitTests", "Thalia.xUnitTests\Thalia.xUnitTests.xproj", "{704F6294-08FA-469C-A2A7-7CA2A0B8B30B}"
EndProject
Project("{8BB2217D-0F2D-49D1-97BC-3654ED321F3B}") = "Thalia.Data", "src\Thalia.Data\Thalia.Data.xproj", "{3BB87656-50A6-46C2-911A-92CF5804F10A}"
EndProject
Project("{8BB2217D-0F2D-49D1-97BC-3654ED321F3B}") = "Thalia.Services", "src\Thalia.Services\Thalia.Services.xproj", "{E65967C3-6AA8-4549-A3C9-C85498EFB817}"
EndProject
Global
	GlobalSection(SolutionConfigurationPlatforms) = preSolution
		Debug|Any CPU = Debug|Any CPU
		Release|Any CPU = Release|Any CPU
	EndGlobalSection
	GlobalSection(ProjectConfigurationPlatforms) = postSolution
		{2A216B13-46FE-4155-B806-76EE5275EBE4}.Debug|Any CPU.ActiveCfg = Debug|Any CPU
		{2A216B13-46FE-4155-B806-76EE5275EBE4}.Debug|Any CPU.Build.0 = Debug|Any CPU
		{2A216B13-46FE-4155-B806-76EE5275EBE4}.Release|Any CPU.ActiveCfg = Release|Any CPU
		{2A216B13-46FE-4155-B806-76EE5275EBE4}.Release|Any CPU.Build.0 = Release|Any CPU
		{704F6294-08FA-469C-A2A7-7CA2A0B8B30B}.Debug|Any CPU.ActiveCfg = Debug|Any CPU
		{704F6294-08FA-469C-A2A7-7CA2A0B8B30B}.Debug|Any CPU.Build.0 = Debug|Any CPU
		{704F6294-08FA-469C-A2A7-7CA2A0B8B30B}.Release|Any CPU.ActiveCfg = Release|Any CPU
		{704F6294-08FA-469C-A2A7-7CA2A0B8B30B}.Release|Any CPU.Build.0 = Release|Any CPU
		{3BB87656-50A6-46C2-911A-92CF5804F10A}.Debug|Any CPU.ActiveCfg = Debug|Any CPU
		{3BB87656-50A6-46C2-911A-92CF5804F10A}.Debug|Any CPU.Build.0 = Debug|Any CPU
		{3BB87656-50A6-46C2-911A-92CF5804F10A}.Release|Any CPU.ActiveCfg = Release|Any CPU
		{3BB87656-50A6-46C2-911A-92CF5804F10A}.Release|Any CPU.Build.0 = Release|Any CPU
		{E65967C3-6AA8-4549-A3C9-C85498EFB817}.Debug|Any CPU.ActiveCfg = Debug|Any CPU
		{E65967C3-6AA8-4549-A3C9-C85498EFB817}.Debug|Any CPU.Build.0 = Debug|Any CPU
		{E65967C3-6AA8-4549-A3C9-C85498EFB817}.Release|Any CPU.ActiveCfg = Release|Any CPU
		{E65967C3-6AA8-4549-A3C9-C85498EFB817}.Release|Any CPU.Build.0 = Release|Any CPU
	EndGlobalSection
	GlobalSection(SolutionProperties) = preSolution
		HideSolutionNode = FALSE
	EndGlobalSection
	GlobalSection(NestedProjects) = preSolution
		{2A216B13-46FE-4155-B806-76EE5275EBE4} = {909861CB-C578-4C33-9CE3-C76BF5716197}
		{704F6294-08FA-469C-A2A7-7CA2A0B8B30B} = {C59D817B-1DE1-4A24-8B73-2E35D07E1D20}
		{3BB87656-50A6-46C2-911A-92CF5804F10A} = {909861CB-C578-4C33-9CE3-C76BF5716197}
		{E65967C3-6AA8-4549-A3C9-C85498EFB817} = {909861CB-C578-4C33-9CE3-C76BF5716197}
	EndGlobalSection
EndGlobal
